
Microsoft Visual Studio Solution File, Format Version 12.00
# Visual Studio Version 16
VisualStudioVersion = 16.0.31402.337
MinimumVisualStudioVersion = 10.0.40219.1
Project("{9A19103F-16F7-4668-BE54-9A1E7A4F7556}") = "CabInvoiceGenerator", "CabInvoiceGenerator.csproj", "{7A93A2F2-6295-4353-A786-6B7FBC5AB38C}"
EndProject
Project("{FAE04EC0-301F-11D3-BF4B-00C04F79EFBC}") = "TestProject1", "..\TestProject1\TestProject1.csproj", "{07B3DB35-8DCF-4D16-AF06-F5D3958366D2}"
EndProject
Global
	GlobalSection(SolutionConfigurationPlatforms) = preSolution
		Debug|Any CPU = Debug|Any CPU
		Release|Any CPU = Release|Any CPU
	EndGlobalSection
	GlobalSection(ProjectConfigurationPlatforms) = postSolution
		{7A93A2F2-6295-4353-A786-6B7FBC5AB38C}.Debug|Any CPU.ActiveCfg = Debug|Any CPU
		{7A93A2F2-6295-4353-A786-6B7FBC5AB38C}.Debug|Any CPU.Build.0 = Debug|Any CPU
		{7A93A2F2-6295-4353-A786-6B7FBC5AB38C}.Release|Any CPU.ActiveCfg = Release|Any CPU
		{7A93A2F2-6295-4353-A786-6B7FBC5AB38C}.Release|Any CPU.Build.0 = Release|Any CPU
		{07B3DB35-8DCF-4D16-AF06-F5D3958366D2}.Debug|Any CPU.ActiveCfg = Debug|Any CPU
		{07B3DB35-8DCF-4D16-AF06-F5D3958366D2}.Debug|Any CPU.Build.0 = Debug|Any CPU
		{07B3DB35-8DCF-4D16-AF06-F5D3958366D2}.Release|Any CPU.ActiveCfg = Release|Any CPU
		{07B3DB35-8DCF-4D16-AF06-F5D3958366D2}.Release|Any CPU.Build.0 = Release|Any CPU
	EndGlobalSection
	GlobalSection(SolutionProperties) = preSolution
		HideSolutionNode = FALSE
	EndGlobalSection
	GlobalSection(ExtensibilityGlobals) = postSolution
		SolutionGuid = {45F5404B-446B-4A2A-9306-774FFD86A183}
	EndGlobalSection
EndGlobal
